
Microsoft Visual Studio Solution File, Format Version 12.00
# Visual Studio Version 17
VisualStudioVersion = 17.1.32210.238
MinimumVisualStudioVersion = 10.0.40219.1
Project("{FAE04EC0-301F-11D3-BF4B-00C04F79EFBC}") = "Exercicio05_Funcionario", "Exercicio05_Funcionario\Exercicio05_Funcionario.csproj", "{641CDD41-53D9-4FBC-8A8B-A99A9F24B224}"
EndProject
Global
	GlobalSection(SolutionConfigurationPlatforms) = preSolution
		Debug|Any CPU = Debug|Any CPU
		Release|Any CPU = Release|Any CPU
	EndGlobalSection
	GlobalSection(ProjectConfigurationPlatforms) = postSolution
		{641CDD41-53D9-4FBC-8A8B-A99A9F24B224}.Debug|Any CPU.ActiveCfg = Debug|Any CPU
		{641CDD41-53D9-4FBC-8A8B-A99A9F24B224}.Debug|Any CPU.Build.0 = Debug|Any CPU
		{641CDD41-53D9-4FBC-8A8B-A99A9F24B224}.Release|Any CPU.ActiveCfg = Release|Any CPU
		{641CDD41-53D9-4FBC-8A8B-A99A9F24B224}.Release|Any CPU.Build.0 = Release|Any CPU
	EndGlobalSection
	GlobalSection(SolutionProperties) = preSolution
		HideSolutionNode = FALSE
	EndGlobalSection
	GlobalSection(ExtensibilityGlobals) = postSolution
		SolutionGuid = {CF9F87B8-EF5C-4684-9B95-5E3BD9356E10}
	EndGlobalSection
EndGlobal
